
Microsoft Visual Studio Solution File, Format Version 12.00
# Visual Studio 15
VisualStudioVersion = 15.0.26730.16
MinimumVisualStudioVersion = 10.0.40219.1
Project("{FAE04EC0-301F-11D3-BF4B-00C04F79EFBC}") = "libraryLiankun", "libraryLiankun\libraryLiankun.csproj", "{F3846A3C-3426-4801-A0F7-9467201EA997}"
EndProject
Global
	GlobalSection(SolutionConfigurationPlatforms) = preSolution
		Debug|Any CPU = Debug|Any CPU
		Release|Any CPU = Release|Any CPU
	EndGlobalSection
	GlobalSection(ProjectConfigurationPlatforms) = postSolution
		{F3846A3C-3426-4801-A0F7-9467201EA997}.Debug|Any CPU.ActiveCfg = Debug|Any CPU
		{F3846A3C-3426-4801-A0F7-9467201EA997}.Debug|Any CPU.Build.0 = Debug|Any CPU
		{F3846A3C-3426-4801-A0F7-9467201EA997}.Release|Any CPU.ActiveCfg = Release|Any CPU
		{F3846A3C-3426-4801-A0F7-9467201EA997}.Release|Any CPU.Build.0 = Release|Any CPU
	EndGlobalSection
	GlobalSection(SolutionProperties) = preSolution
		HideSolutionNode = FALSE
	EndGlobalSection
	GlobalSection(ExtensibilityGlobals) = postSolution
		SolutionGuid = {676F8D67-9D21-45EA-AAC9-C2143F4C4393}
	EndGlobalSection
EndGlobal
